[[package]]
name = "bit-vec"
version = "0.4.4"
source = "registry+https://github.com/rust-lang/crates.io-index"

[[package]]
name = "midi_player"
version = "0.1.0"
dependencies = [
 "bit-vec 0.4.4 (registry+https://github.com/rust-lang/crates.io-index)",
 "quick-error 1.2.1 (registry+https://github.com/rust-lang/crates.io-index)",
]

[[package]]
name = "quick-error"
version = "1.2.1"
source = "registry+https://github.com/rust-lang/crates.io-index"

[metadata]
"checksum bit-vec 0.4.4 (registry+https://github.com/rust-lang/crates.io-index)" = "02b4ff8b16e6076c3e14220b39fbc1fabb6737522281a388998046859400895f"
"checksum quick-error 1.2.1 (registry+https://github.com/rust-lang/crates.io-index)" = "eda5fe9b71976e62bc81b781206aaa076401769b2143379d3eb2118388babac4"
